
Microsoft Visual Studio Solution File, Format Version 12.00
# Visual Studio Version 16
VisualStudioVersion = 16.0.32413.511
MinimumVisualStudioVersion = 10.0.40219.1
Project("{F2A71F9B-5D33-465A-A702-920D77279786}") = "Assigment1", "Assigment1.fsproj", "{7F49C753-029A-4D15-85BE-CD10754DCC84}"
EndProject
Global
	GlobalSection(SolutionConfigurationPlatforms) = preSolution
		Debug|Any CPU = Debug|Any CPU
		Release|Any CPU = Release|Any CPU
	EndGlobalSection
	GlobalSection(ProjectConfigurationPlatforms) = postSolution
		{7F49C753-029A-4D15-85BE-CD10754DCC84}.Debug|Any CPU.ActiveCfg = Debug|Any CPU
		{7F49C753-029A-4D15-85BE-CD10754DCC84}.Debug|Any CPU.Build.0 = Debug|Any CPU
		{7F49C753-029A-4D15-85BE-CD10754DCC84}.Release|Any CPU.ActiveCfg = Release|Any CPU
		{7F49C753-029A-4D15-85BE-CD10754DCC84}.Release|Any CPU.Build.0 = Release|Any CPU
	EndGlobalSection
	GlobalSection(SolutionProperties) = preSolution
		HideSolutionNode = FALSE
	EndGlobalSection
	GlobalSection(ExtensibilityGlobals) = postSolution
		SolutionGuid = {92335A3D-8EBE-45CC-BB7C-3CED388726B5}
	EndGlobalSection
EndGlobal
